// !$*UTF8*$!
{
	archiveVersion = 1;
	classes = {
	};
	objectVersion = 46;
	objects = {

/* Begin PBXBuildFile section */
		A99EB4F8192447FA0060E484 /* Liquid.m in Sources */ = {isa = PBXBuildFile; fileRef = A99EB4E1192447FA0060E484 /* Liquid.m */; };
		A99EB4F9192447FA0060E484 /* LQDataPoint.m in Sources */ = {isa = PBXBuildFile; fileRef = A99EB4E5192447FA0060E484 /* LQDataPoint.m */; };
		A99EB4FA192447FA0060E484 /* LQDevice.m in Sources */ = {isa = PBXBuildFile; fileRef = A99EB4E7192447FA0060E484 /* LQDevice.m */; };
		A99EB4FB192447FA0060E484 /* LQEvent.m in Sources */ = {isa = PBXBuildFile; fileRef = A99EB4E9192447FA0060E484 /* LQEvent.m */; };
		A99EB4FC192447FA0060E484 /* LQLiquidPackage.m in Sources */ = {isa = PBXBuildFile; fileRef = A99EB4EB192447FA0060E484 /* LQLiquidPackage.m */; };
		A99EB4FD192447FA0060E484 /* LQQueue.m in Sources */ = {isa = PBXBuildFile; fileRef = A99EB4ED192447FA0060E484 /* LQQueue.m */; };
		A99EB4FE192447FA0060E484 /* LQSession.m in Sources */ = {isa = PBXBuildFile; fileRef = A99EB4EF192447FA0060E484 /* LQSession.m */; };
		A99EB4FF192447FA0060E484 /* LQTarget.m in Sources */ = {isa = PBXBuildFile; fileRef = A99EB4F1192447FA0060E484 /* LQTarget.m */; };
		A99EB500192447FA0060E484 /* LQUser.m in Sources */ = {isa = PBXBuildFile; fileRef = A99EB4F3192447FA0060E484 /* LQUser.m */; };
		A99EB501192447FA0060E484 /* LQValue.m in Sources */ = {isa = PBXBuildFile; fileRef = A99EB4F5192447FA0060E484 /* LQValue.m */; };
		A99EB502192447FA0060E484 /* LQVariable.m in Sources */ = {isa = PBXBuildFile; fileRef = A99EB4F7192447FA0060E484 /* LQVariable.m */; };
		A99EB5541924DB730060E484 /* NSDateFormatter+ISO8601.m in Sources */ = {isa = PBXBuildFile; fileRef = A99EB5511924DB730060E484 /* NSDateFormatter+ISO8601.m */; };
		A99EB5551924DB730060E484 /* UIColor+Hexadecimal.m in Sources */ = {isa = PBXBuildFile; fileRef = A99EB5531924DB730060E484 /* UIColor+Hexadecimal.m */; };
		C73E4AE31923C61D001EF2E6 /* Foundation.framework in Frameworks */ = {isa = PBXBuildFile; fileRef = C73E4AE21923C61D001EF2E6 /* Foundation.framework */; };
/* End PBXBuildFile section */

/* Begin PBXCopyFilesBuildPhase section */
		C73E4ADD1923C61D001EF2E6 /* CopyFiles */ = {
			isa = PBXCopyFilesBuildPhase;
			buildActionMask = 2147483647;
			dstPath = "include/$(PRODUCT_NAME)";
			dstSubfolderSpec = 16;
			files = (
			);
			runOnlyForDeploymentPostprocessing = 0;
		};
/* End PBXCopyFilesBuildPhase section */

/* Begin PBXFileReference section */
		A99EB4DF192447FA0060E484 /* Liquid-Prefix.pch */ = {isa = PBXFileReference; fileEncoding = 4; lastKnownFileType = sourcecode.c.h; path = "Liquid-Prefix.pch"; sourceTree = "<group>"; };
		A99EB4E0192447FA0060E484 /* Liquid.h */ = {isa = PBXFileReference; fileEncoding = 4; lastKnownFileType = sourcecode.c.h; path = Liquid.h; sourceTree = "<group>"; };
		A99EB4E1192447FA0060E484 /* Liquid.m */ = {isa = PBXFileReference; fileEncoding = 4; lastKnownFileType = sourcecode.c.objc; path = Liquid.m; sourceTree = "<group>"; };
		A99EB4E2192447FA0060E484 /* LQDefaults.h */ = {isa = PBXFileReference; fileEncoding = 4; lastKnownFileType = sourcecode.c.h; path = LQDefaults.h; sourceTree = "<group>"; };
		A99EB4E4192447FA0060E484 /* LQDataPoint.h */ = {isa = PBXFileReference; fileEncoding = 4; lastKnownFileType = sourcecode.c.h; path = LQDataPoint.h; sourceTree = "<group>"; };
		A99EB4E5192447FA0060E484 /* LQDataPoint.m */ = {isa = PBXFileReference; fileEncoding = 4; lastKnownFileType = sourcecode.c.objc; path = LQDataPoint.m; sourceTree = "<group>"; };
		A99EB4E6192447FA0060E484 /* LQDevice.h */ = {isa = PBXFileReference; fileEncoding = 4; lastKnownFileType = sourcecode.c.h; path = LQDevice.h; sourceTree = "<group>"; };
		A99EB4E7192447FA0060E484 /* LQDevice.m */ = {isa = PBXFileReference; fileEncoding = 4; lastKnownFileType = sourcecode.c.objc; path = LQDevice.m; sourceTree = "<group>"; };
		A99EB4E8192447FA0060E484 /* LQEvent.h */ = {isa = PBXFileReference; fileEncoding = 4; lastKnownFileType = sourcecode.c.h; path = LQEvent.h; sourceTree = "<group>"; };
		A99EB4E9192447FA0060E484 /* LQEvent.m */ = {isa = PBXFileReference; fileEncoding = 4; lastKnownFileType = sourcecode.c.objc; path = LQEvent.m; sourceTree = "<group>"; };
		A99EB4EA192447FA0060E484 /* LQLiquidPackage.h */ = {isa = PBXFileReference; fileEncoding = 4; lastKnownFileType = sourcecode.c.h; path = LQLiquidPackage.h; sourceTree = "<group>"; };
		A99EB4EB192447FA0060E484 /* LQLiquidPackage.m */ = {isa = PBXFileReference; fileEncoding = 4; lastKnownFileType = sourcecode.c.objc; path = LQLiquidPackage.m; sourceTree = "<group>"; };
		A99EB4EC192447FA0060E484 /* LQQueue.h */ = {isa = PBXFileReference; fileEncoding = 4; lastKnownFileType = sourcecode.c.h; path = LQQueue.h; sourceTree = "<group>"; };
		A99EB4ED192447FA0060E484 /* LQQueue.m */ = {isa = PBXFileReference; fileEncoding = 4; lastKnownFileType = sourcecode.c.objc; path = LQQueue.m; sourceTree = "<group>"; };
		A99EB4EE192447FA0060E484 /* LQSession.h */ = {isa = PBXFileReference; fileEncoding = 4; lastKnownFileType = sourcecode.c.h; path = LQSession.h; sourceTree = "<group>"; };
		A99EB4EF192447FA0060E484 /* LQSession.m */ = {isa = PBXFileReference; fileEncoding = 4; lastKnownFileType = sourcecode.c.objc; path = LQSession.m; sourceTree = "<group>"; };
		A99EB4F0192447FA0060E484 /* LQTarget.h */ = {isa = PBXFileReference; fileEncoding = 4; lastKnownFileType = sourcecode.c.h; path = LQTarget.h; sourceTree = "<group>"; };
		A99EB4F1192447FA0060E484 /* LQTarget.m */ = {isa = PBXFileReference; fileEncoding = 4; lastKnownFileType = sourcecode.c.objc; path = LQTarget.m; sourceTree = "<group>"; };
		A99EB4F2192447FA0060E484 /* LQUser.h */ = {isa = PBXFileReference; fileEncoding = 4; lastKnownFileType = sourcecode.c.h; path = LQUser.h; sourceTree = "<group>"; };
		A99EB4F3192447FA0060E484 /* LQUser.m */ = {isa = PBXFileReference; fileEncoding = 4; lastKnownFileType = sourcecode.c.objc; path = LQUser.m; sourceTree = "<group>"; };
		A99EB4F4192447FA0060E484 /* LQValue.h */ = {isa = PBXFileReference; fileEncoding = 4; lastKnownFileType = sourcecode.c.h; path = LQValue.h; sourceTree = "<group>"; };
		A99EB4F5192447FA0060E484 /* LQValue.m */ = {isa = PBXFileReference; fileEncoding = 4; lastKnownFileType = sourcecode.c.objc; path = LQValue.m; sourceTree = "<group>"; };
		A99EB4F6192447FA0060E484 /* LQVariable.h */ = {isa = PBXFileReference; fileEncoding = 4; lastKnownFileType = sourcecode.c.h; path = LQVariable.h; sourceTree = "<group>"; };
		A99EB4F7192447FA0060E484 /* LQVariable.m */ = {isa = PBXFileReference; fileEncoding = 4; lastKnownFileType = sourcecode.c.objc; path = LQVariable.m; sourceTree = "<group>"; };
		A99EB5501924DB730060E484 /* NSDateFormatter+ISO8601.h */ = {isa = PBXFileReference; fileEncoding = 4; lastKnownFileType = sourcecode.c.h; path = "NSDateFormatter+ISO8601.h"; sourceTree = "<group>"; };
		A99EB5511924DB730060E484 /* NSDateFormatter+ISO8601.m */ = {isa = PBXFileReference; fileEncoding = 4; lastKnownFileType = sourcecode.c.objc; path = "NSDateFormatter+ISO8601.m"; sourceTree = "<group>"; };
		A99EB5521924DB730060E484 /* UIColor+Hexadecimal.h */ = {isa = PBXFileReference; fileEncoding = 4; lastKnownFileType = sourcecode.c.h; path = "UIColor+Hexadecimal.h"; sourceTree = "<group>"; };
		A99EB5531924DB730060E484 /* UIColor+Hexadecimal.m */ = {isa = PBXFileReference; fileEncoding = 4; lastKnownFileType = sourcecode.c.objc; path = "UIColor+Hexadecimal.m"; sourceTree = "<group>"; };
		C73E4ADF1923C61D001EF2E6 /* libLiquid.a */ = {isa = PBXFileReference; explicitFileType = archive.ar; includeInIndex = 0; path = libLiquid.a; sourceTree = BUILT_PRODUCTS_DIR; };
		C73E4AE21923C61D001EF2E6 /* Foundation.framework */ = {isa = PBXFileReference; lastKnownFileType = wrapper.framework; name = Foundation.framework; path = System/Library/Frameworks/Foundation.framework; sourceTree = SDKROOT; };
/* End PBXFileReference section */

/* Begin PBXFrameworksBuildPhase section */
		C73E4ADC1923C61D001EF2E6 /* Frameworks */ = {
			isa = PBXFrameworksBuildPhase;
			buildActionMask = 2147483647;
			files = (
				C73E4AE31923C61D001EF2E6 /* Foundation.framework in Frameworks */,
			);
			runOnlyForDeploymentPostprocessing = 0;
		};
/* End PBXFrameworksBuildPhase section */

/* Begin PBXGroup section */
		A99EB4E3192447FA0060E484 /* Model */ = {
			isa = PBXGroup;
			children = (
				A99EB4E4192447FA0060E484 /* LQDataPoint.h */,
				A99EB4E5192447FA0060E484 /* LQDataPoint.m */,
				A99EB4E6192447FA0060E484 /* LQDevice.h */,
				A99EB4E7192447FA0060E484 /* LQDevice.m */,
				A99EB4E8192447FA0060E484 /* LQEvent.h */,
				A99EB4E9192447FA0060E484 /* LQEvent.m */,
				A99EB4EA192447FA0060E484 /* LQLiquidPackage.h */,
				A99EB4EB192447FA0060E484 /* LQLiquidPackage.m */,
				A99EB4EC192447FA0060E484 /* LQQueue.h */,
				A99EB4ED192447FA0060E484 /* LQQueue.m */,
				A99EB4EE192447FA0060E484 /* LQSession.h */,
				A99EB4EF192447FA0060E484 /* LQSession.m */,
				A99EB4F0192447FA0060E484 /* LQTarget.h */,
				A99EB4F1192447FA0060E484 /* LQTarget.m */,
				A99EB4F2192447FA0060E484 /* LQUser.h */,
				A99EB4F3192447FA0060E484 /* LQUser.m */,
				A99EB4F4192447FA0060E484 /* LQValue.h */,
				A99EB4F5192447FA0060E484 /* LQValue.m */,
				A99EB4F6192447FA0060E484 /* LQVariable.h */,
				A99EB4F7192447FA0060E484 /* LQVariable.m */,
			);
			path = Model;
			sourceTree = "<group>";
		};
		A99EB54F1924DB730060E484 /* Categories */ = {
			isa = PBXGroup;
			children = (
				A99EB5501924DB730060E484 /* NSDateFormatter+ISO8601.h */,
				A99EB5511924DB730060E484 /* NSDateFormatter+ISO8601.m */,
				A99EB5521924DB730060E484 /* UIColor+Hexadecimal.h */,
				A99EB5531924DB730060E484 /* UIColor+Hexadecimal.m */,
			);
			name = Categories;
			path = Liquid/Categories;
			sourceTree = SOURCE_ROOT;
		};
		C73E4AD61923C61D001EF2E6 = {
			isa = PBXGroup;
			children = (
				C73E4AE41923C61D001EF2E6 /* Liquid */,
				C73E4AE11923C61D001EF2E6 /* Frameworks */,
				C73E4AE01923C61D001EF2E6 /* Products */,
			);
			sourceTree = "<group>";
		};
		C73E4AE01923C61D001EF2E6 /* Products */ = {
			isa = PBXGroup;
			children = (
				C73E4ADF1923C61D001EF2E6 /* libLiquid.a */,
			);
			name = Products;
			sourceTree = "<group>";
		};
		C73E4AE11923C61D001EF2E6 /* Frameworks */ = {
			isa = PBXGroup;
			children = (
				C73E4AE21923C61D001EF2E6 /* Foundation.framework */,
			);
			name = Frameworks;
			sourceTree = "<group>";
		};
		C73E4AE41923C61D001EF2E6 /* Liquid */ = {
			isa = PBXGroup;
			children = (
				A99EB4E0192447FA0060E484 /* Liquid.h */,
				A99EB4E1192447FA0060E484 /* Liquid.m */,
				A99EB4E2192447FA0060E484 /* LQDefaults.h */,
				A99EB4DF192447FA0060E484 /* Liquid-Prefix.pch */,
				A99EB54F1924DB730060E484 /* Categories */,
				A99EB4E3192447FA0060E484 /* Model */,
			);
			path = Liquid;
			sourceTree = "<group>";
		};
/* End PBXGroup section */

/* Begin PBXNativeTarget section */
		C73E4ADE1923C61D001EF2E6 /* Liquid */ = {
			isa = PBXNativeTarget;
			buildConfigurationList = C73E4B021923C61D001EF2E6 /* Build configuration list for PBXNativeTarget "Liquid" */;
			buildPhases = (
				C73E4ADB1923C61D001EF2E6 /* Sources */,
				C73E4ADC1923C61D001EF2E6 /* Frameworks */,
				C73E4ADD1923C61D001EF2E6 /* CopyFiles */,
			);
			buildRules = (
			);
			dependencies = (
			);
			name = Liquid;
			productName = Liquid;
			productReference = C73E4ADF1923C61D001EF2E6 /* libLiquid.a */;
			productType = "com.apple.product-type.library.static";
		};
/* End PBXNativeTarget section */

/* Begin PBXProject section */
		C73E4AD71923C61D001EF2E6 /* Project object */ = {
			isa = PBXProject;
			attributes = {
				LastUpgradeCheck = 0510;
				ORGANIZATIONNAME = Liquid;
			};
			buildConfigurationList = C73E4ADA1923C61D001EF2E6 /* Build configuration list for PBXProject "Liquid" */;
			compatibilityVersion = "Xcode 3.2";
			developmentRegion = English;
			hasScannedForEncodings = 0;
			knownRegions = (
				en,
			);
			mainGroup = C73E4AD61923C61D001EF2E6;
			productRefGroup = C73E4AE01923C61D001EF2E6 /* Products */;
			projectDirPath = "";
			projectRoot = "";
			targets = (
				C73E4ADE1923C61D001EF2E6 /* Liquid */,
			);
		};
/* End PBXProject section */

/* Begin PBXSourcesBuildPhase section */
		C73E4ADB1923C61D001EF2E6 /* Sources */ = {
			isa = PBXSourcesBuildPhase;
			buildActionMask = 2147483647;
			files = (
				A99EB5551924DB730060E484 /* UIColor+Hexadecimal.m in Sources */,
				A99EB5541924DB730060E484 /* NSDateFormatter+ISO8601.m in Sources */,
				A99EB4FD192447FA0060E484 /* LQQueue.m in Sources */,
				A99EB4FF192447FA0060E484 /* LQTarget.m in Sources */,
				A99EB4F8192447FA0060E484 /* Liquid.m in Sources */,
				A99EB4FA192447FA0060E484 /* LQDevice.m in Sources */,
				A99EB501192447FA0060E484 /* LQValue.m in Sources */,
				A99EB502192447FA0060E484 /* LQVariable.m in Sources */,
				A99EB4FE192447FA0060E484 /* LQSession.m in Sources */,
				A99EB4FC192447FA0060E484 /* LQLiquidPackage.m in Sources */,
				A99EB4F9192447FA0060E484 /* LQDataPoint.m in Sources */,
				A99EB500192447FA0060E484 /* LQUser.m in Sources */,
				A99EB4FB192447FA0060E484 /* LQEvent.m in Sources */,
			);
			runOnlyForDeploymentPostprocessing = 0;
		};
/* End PBXSourcesBuildPhase section */

/* Begin XCBuildConfiguration section */
		C73E4B001923C61D001EF2E6 /* Debug */ = {
			isa = XCBuildConfiguration;
			buildSettings = {
				ALWAYS_SEARCH_USER_PATHS = NO;
				CLANG_CXX_LANGUAGE_STANDARD = "gnu++0x";
				CLANG_CXX_LIBRARY = "libc++";
				CLANG_ENABLE_MODULES = YES;
				CLANG_ENABLE_OBJC_ARC = YES;
				CLANG_WARN_BOOL_CONVERSION = YES;
				CLANG_WARN_CONSTANT_CONVERSION = YES;
				CLANG_WARN_DIRECT_OBJC_ISA_USAGE = YES_ERROR;
				CLANG_WARN_EMPTY_BODY = YES;
				CLANG_WARN_ENUM_CONVERSION = YES;
				CLANG_WARN_INT_CONVERSION = YES;
				CLANG_WARN_OBJC_ROOT_CLASS = YES_ERROR;
				CLANG_WARN__DUPLICATE_METHOD_MATCH = YES;
				COPY_PHASE_STRIP = NO;
				GCC_C_LANGUAGE_STANDARD = gnu99;
				GCC_DYNAMIC_NO_PIC = NO;
				GCC_OPTIMIZATION_LEVEL = 0;
				GCC_PREFIX_HEADER = "Liquid/Liquid-Prefix.pch";
				GCC_PREPROCESSOR_DEFINITIONS = (
					"DEBUG=1",
					"$(inherited)",
				);
				GCC_SYMBOLS_PRIVATE_EXTERN = NO;
				GCC_WARN_64_TO_32_BIT_CONVERSION = YES;
				GCC_WARN_ABOUT_RETURN_TYPE = YES_ERROR;
				GCC_WARN_UNDECLARED_SELECTOR = YES;
				GCC_WARN_UNINITIALIZED_AUTOS = YES_AGGRESSIVE;
				GCC_WARN_UNUSED_FUNCTION = YES;
				GCC_WARN_UNUSED_VARIABLE = YES;
				IPHONEOS_DEPLOYMENT_TARGET = 7.1;
				ONLY_ACTIVE_ARCH = YES;
				SDKROOT = iphoneos;
			};
			name = Debug;
		};
		C73E4B011923C61D001EF2E6 /* Release */ = {
			isa = XCBuildConfiguration;
			buildSettings = {
				ALWAYS_SEARCH_USER_PATHS = NO;
				CLANG_CXX_LANGUAGE_STANDARD = "gnu++0x";
				CLANG_CXX_LIBRARY = "libc++";
				CLANG_ENABLE_MODULES = YES;
				CLANG_ENABLE_OBJC_ARC = YES;
				CLANG_WARN_BOOL_CONVERSION = YES;
				CLANG_WARN_CONSTANT_CONVERSION = YES;
				CLANG_WARN_DIRECT_OBJC_ISA_USAGE = YES_ERROR;
				CLANG_WARN_EMPTY_BODY = YES;
				CLANG_WARN_ENUM_CONVERSION = YES;
				CLANG_WARN_INT_CONVERSION = YES;
				CLANG_WARN_OBJC_ROOT_CLASS = YES_ERROR;
				CLANG_WARN__DUPLICATE_METHOD_MATCH = YES;
				COPY_PHASE_STRIP = YES;
				ENABLE_NS_ASSERTIONS = NO;
				GCC_C_LANGUAGE_STANDARD = gnu99;
				GCC_PREFIX_HEADER = "Liquid/Liquid-Prefix.pch";
				GCC_WARN_64_TO_32_BIT_CONVERSION = YES;
				GCC_WARN_ABOUT_RETURN_TYPE = YES_ERROR;
				GCC_WARN_UNDECLARED_SELECTOR = YES;
				GCC_WARN_UNINITIALIZED_AUTOS = YES_AGGRESSIVE;
				GCC_WARN_UNUSED_FUNCTION = YES;
				GCC_WARN_UNUSED_VARIABLE = YES;
				IPHONEOS_DEPLOYMENT_TARGET = 7.1;
				SDKROOT = iphoneos;
				VALIDATE_PRODUCT = YES;
			};
			name = Release;
		};
		C73E4B031923C61D001EF2E6 /* Debug */ = {
			isa = XCBuildConfiguration;
			buildSettings = {
				DSTROOT = /tmp/Liquid.dst;
				GCC_PRECOMPILE_PREFIX_HEADER = YES;
				GCC_PREFIX_HEADER = "Liquid/Liquid-Prefix.pch";
				OTHER_LDFLAGS = "-ObjC";
				PRODUCT_NAME = "$(TARGET_NAME)";
				SKIP_INSTALL = YES;
			};
			name = Debug;
		};
		C73E4B041923C61D001EF2E6 /* Release */ = {
			isa = XCBuildConfiguration;
			buildSettings = {
				DSTROOT = /tmp/Liquid.dst;
				GCC_PRECOMPILE_PREFIX_HEADER = YES;
				GCC_PREFIX_HEADER = "Liquid/Liquid-Prefix.pch";
				OTHER_LDFLAGS = "-ObjC";
				PRODUCT_NAME = "$(TARGET_NAME)";
				SKIP_INSTALL = YES;
			};
			name = Release;
		};
/* End XCBuildConfiguration section */

/* Begin XCConfigurationList section */
		C73E4ADA1923C61D001EF2E6 /* Build configuration list for PBXProject "Liquid" */ = {
			isa = XCConfigurationList;
			buildConfigurations = (
				C73E4B001923C61D001EF2E6 /* Debug */,
				C73E4B011923C61D001EF2E6 /* Release */,
			);
			defaultConfigurationIsVisible = 0;
			defaultConfigurationName = Release;
		};
		C73E4B021923C61D001EF2E6 /* Build configuration list for PBXNativeTarget "Liquid" */ = {
			isa = XCConfigurationList;
			buildConfigurations = (
				C73E4B031923C61D001EF2E6 /* Debug */,
				C73E4B041923C61D001EF2E6 /* Release */,
			);
			defaultConfigurationIsVisible = 0;
			defaultConfigurationName = Release;
		};
/* End XCConfigurationList section */
	};
	rootObject = C73E4AD71923C61D001EF2E6 /* Project object */;
}
